
Microsoft Visual Studio Solution File, Format Version 12.00
# Visual Studio Version 17
VisualStudioVersion = 17.2.32630.192
MinimumVisualStudioVersion = 10.0.40219.1
Project("{2150E333-8FDC-42A3-9474-1A3956D46DE8}") = "src", "src", "{DA220595-AD4A-454E-827D-7F30705CA1B2}"
EndProject
Project("{2150E333-8FDC-42A3-9474-1A3956D46DE8}") = "ShopManagement", "ShopManagement", "{F9DE4A25-19C4-46A8-885A-63AE072E4477}"
EndProject
Project("{9A19103F-16F7-4668-BE54-9A1E7A4F7556}") = "ShopManagement.Application", "ShopManagement.Application\ShopManagement.Application.csproj", "{43677ACA-CE1F-472E-9A02-A8762DFD378B}"
EndProject
Project("{2150E333-8FDC-42A3-9474-1A3956D46DE8}") = "SM.Application", "SM.Application", "{A23393E8-4137-4319-9996-82E3DBD25898}"
EndProject
Project("{9A19103F-16F7-4668-BE54-9A1E7A4F7556}") = "ShopManagement.Application.Contracts", "ShopManagement.Application.Contracts\ShopManagement.Application.Contracts.csproj", "{77E3BB1D-EC79-4F7A-84A0-DA6BADF07330}"
EndProject
Project("{2150E333-8FDC-42A3-9474-1A3956D46DE8}") = "SM.Domain", "SM.Domain", "{DD4B621E-2DCA-4A29-B68F-77B860992F2F}"
EndProject
Project("{2150E333-8FDC-42A3-9474-1A3956D46DE8}") = "SM.Infrastructure", "SM.Infrastructure", "{99E99466-E099-4670-8844-B7FF9209F996}"
EndProject
Project("{9A19103F-16F7-4668-BE54-9A1E7A4F7556}") = "ShopManagement.Domain", "ShopManagement.Domain\ShopManagement.Domain.csproj", "{8E632556-5422-4D5F-A579-B34C25B164B9}"
EndProject
Project("{9A19103F-16F7-4668-BE54-9A1E7A4F7556}") = "ShopManagement.Infrastructure.Efcore", "ShopManagement.Infrastructure.Efcore\ShopManagement.Infrastructure.Efcore.csproj", "{CF1460EE-FBBD-4548-A687-E2ED058FA9D8}"
EndProject
Project("{9A19103F-16F7-4668-BE54-9A1E7A4F7556}") = "_FrameWork", "_FrameWork\_FrameWork.csproj", "{AC5BF7B6-C08E-42F1-884B-228997679200}"
EndProject
Project("{9A19103F-16F7-4668-BE54-9A1E7A4F7556}") = "ShopManagement.Configuration", "ShopManagement.Configuration\ShopManagement.Configuration.csproj", "{2B4AF33C-4DC2-49C1-9E77-A87E9BBCC701}"
EndProject
Project("{9A19103F-16F7-4668-BE54-9A1E7A4F7556}") = "ServiceHost", "ServiceHost\ServiceHost.csproj", "{DF3B0434-C781-4D36-9970-EA36B9D817D0}"
EndProject
Project("{2150E333-8FDC-42A3-9474-1A3956D46DE8}") = "DiscountManagement", "DiscountManagement", "{E7F5BA6C-BEC5-4843-9E6B-859EAC97AFDA}"
EndProject
Project("{2150E333-8FDC-42A3-9474-1A3956D46DE8}") = "DM.Application", "DM.Application", "{4D33357D-615D-4581-9D02-FC40E17CDA47}"
EndProject
Project("{2150E333-8FDC-42A3-9474-1A3956D46DE8}") = "DM.Domain", "DM.Domain", "{C78930CC-C6DE-4635-840F-E53CF6710818}"
EndProject
Project("{2150E333-8FDC-42A3-9474-1A3956D46DE8}") = "DM.Infrastructure", "DM.Infrastructure", "{5EE857D6-17BF-413E-9E3E-2C9BF4EFFF1D}"
EndProject
Project("{9A19103F-16F7-4668-BE54-9A1E7A4F7556}") = "DiscountManagement.Application", "DiscountManagement.Application\DiscountManagement.Application.csproj", "{891C950C-57ED-420C-BCB7-9A21EC6028EF}"
EndProject
Project("{9A19103F-16F7-4668-BE54-9A1E7A4F7556}") = "DiscountManagement.Application.Contract", "DiscountManagement.Application.Contract\DiscountManagement.Application.Contract.csproj", "{69EF79A2-C91C-412B-9ADA-26D9944C6777}"
EndProject
Project("{9A19103F-16F7-4668-BE54-9A1E7A4F7556}") = "DiscountManagement.Domain", "DiscountManagement.Domain\DiscountManagement.Domain.csproj", "{88E63157-92E7-4887-ADD6-C39E9CB97402}"
EndProject
Project("{9A19103F-16F7-4668-BE54-9A1E7A4F7556}") = "DiscountManagement.Configuration", "DiscountManagement.Configuration\DiscountManagement.Configuration.csproj", "{7FFEA5CD-3AEA-452D-A070-65E5D514B3E7}"
EndProject
Project("{9A19103F-16F7-4668-BE54-9A1E7A4F7556}") = "DiscountManagement.Infrastructure.Efcore", "DiscountManagement.Infrastructure.Efcore\DiscountManagement.Infrastructure.Efcore.csproj", "{BB7CF7B3-5A48-4CE2-86A7-82D3DBA7D672}"
EndProject
Project("{2150E333-8FDC-42A3-9474-1A3956D46DE8}") = "InventoryManagement", "InventoryManagement", "{F62F9CCA-18D6-4EE1-8AAC-51D01EC6A718}"
EndProject
Project("{2150E333-8FDC-42A3-9474-1A3956D46DE8}") = "IM.Domain", "IM.Domain", "{A0A885BA-1EBA-44C7-905A-BA304182AA4B}"
EndProject
Project("{FAE04EC0-301F-11D3-BF4B-00C04F79EFBC}") = "InventoryManagement.Domain", "InventoryManagement.Domain\InventoryManagement.Domain.csproj", "{888937FC-0F3A-432B-8EC7-6C8294DF25AD}"
EndProject
Project("{2150E333-8FDC-42A3-9474-1A3956D46DE8}") = "IM.Application", "IM.Application", "{E6FB4420-52EB-4B3F-AE16-159997D6F0B2}"
EndProject
Project("{FAE04EC0-301F-11D3-BF4B-00C04F79EFBC}") = "InventoryManagement.Application", "InventoryManagement.Application\InventoryManagement.Application.csproj", "{3CE14826-92F4-4949-B430-FCAA40B2C8DF}"
EndProject
Project("{FAE04EC0-301F-11D3-BF4B-00C04F79EFBC}") = "InventoryManagement.Application.Contract", "InventoryManagement.Application.Contract\InventoryManagement.Application.Contract.csproj", "{E00F1CA0-5C16-4121-AE3A-457C723A45CB}"
EndProject
Project("{2150E333-8FDC-42A3-9474-1A3956D46DE8}") = "IM.Infrastructure", "IM.Infrastructure", "{2A4944B6-6D49-4F8B-B088-87ABAFFE9FA4}"
EndProject
Project("{FAE04EC0-301F-11D3-BF4B-00C04F79EFBC}") = "InventoryManagement.Configuration", "InventoryManagement.Configuration\InventoryManagement.Configuration.csproj", "{D1953C01-EC29-4DF9-B6DC-9ADEC7732006}"
EndProject
Project("{FAE04EC0-301F-11D3-BF4B-00C04F79EFBC}") = "InventoryManagement.Infrastructure.Efcore", "InventoryManagement.Infrastructure.Efcore\InventoryManagement.Infrastructure.Efcore.csproj", "{B54351DE-5A12-417A-9247-93853FF34F93}"
EndProject
Global
	GlobalSection(SolutionConfigurationPlatforms) = preSolution
		Debug|Any CPU = Debug|Any CPU
		Release|Any CPU = Release|Any CPU
	EndGlobalSection
	GlobalSection(ProjectConfigurationPlatforms) = postSolution
		{43677ACA-CE1F-472E-9A02-A8762DFD378B}.Debug|Any CPU.ActiveCfg = Debug|Any CPU
		{43677ACA-CE1F-472E-9A02-A8762DFD378B}.Debug|Any CPU.Build.0 = Debug|Any CPU
		{43677ACA-CE1F-472E-9A02-A8762DFD378B}.Release|Any CPU.ActiveCfg = Release|Any CPU
		{43677ACA-CE1F-472E-9A02-A8762DFD378B}.Release|Any CPU.Build.0 = Release|Any CPU
		{77E3BB1D-EC79-4F7A-84A0-DA6BADF07330}.Debug|Any CPU.ActiveCfg = Debug|Any CPU
		{77E3BB1D-EC79-4F7A-84A0-DA6BADF07330}.Debug|Any CPU.Build.0 = Debug|Any CPU
		{77E3BB1D-EC79-4F7A-84A0-DA6BADF07330}.Release|Any CPU.ActiveCfg = Release|Any CPU
		{77E3BB1D-EC79-4F7A-84A0-DA6BADF07330}.Release|Any CPU.Build.0 = Release|Any CPU
		{8E632556-5422-4D5F-A579-B34C25B164B9}.Debug|Any CPU.ActiveCfg = Debug|Any CPU
		{8E632556-5422-4D5F-A579-B34C25B164B9}.Debug|Any CPU.Build.0 = Debug|Any CPU
		{8E632556-5422-4D5F-A579-B34C25B164B9}.Release|Any CPU.ActiveCfg = Release|Any CPU
		{8E632556-5422-4D5F-A579-B34C25B164B9}.Release|Any CPU.Build.0 = Release|Any CPU
		{CF1460EE-FBBD-4548-A687-E2ED058FA9D8}.Debug|Any CPU.ActiveCfg = Debug|Any CPU
		{CF1460EE-FBBD-4548-A687-E2ED058FA9D8}.Debug|Any CPU.Build.0 = Debug|Any CPU
		{CF1460EE-FBBD-4548-A687-E2ED058FA9D8}.Release|Any CPU.ActiveCfg = Release|Any CPU
		{CF1460EE-FBBD-4548-A687-E2ED058FA9D8}.Release|Any CPU.Build.0 = Release|Any CPU
		{AC5BF7B6-C08E-42F1-884B-228997679200}.Debug|Any CPU.ActiveCfg = Debug|Any CPU
		{AC5BF7B6-C08E-42F1-884B-228997679200}.Debug|Any CPU.Build.0 = Debug|Any CPU
		{AC5BF7B6-C08E-42F1-884B-228997679200}.Release|Any CPU.ActiveCfg = Release|Any CPU
		{AC5BF7B6-C08E-42F1-884B-228997679200}.Release|Any CPU.Build.0 = Release|Any CPU
		{2B4AF33C-4DC2-49C1-9E77-A87E9BBCC701}.Debug|Any CPU.ActiveCfg = Debug|Any CPU
		{2B4AF33C-4DC2-49C1-9E77-A87E9BBCC701}.Debug|Any CPU.Build.0 = Debug|Any CPU
		{2B4AF33C-4DC2-49C1-9E77-A87E9BBCC701}.Release|Any CPU.ActiveCfg = Release|Any CPU
		{2B4AF33C-4DC2-49C1-9E77-A87E9BBCC701}.Release|Any CPU.Build.0 = Release|Any CPU
		{DF3B0434-C781-4D36-9970-EA36B9D817D0}.Debug|Any CPU.ActiveCfg = Debug|Any CPU
		{DF3B0434-C781-4D36-9970-EA36B9D817D0}.Debug|Any CPU.Build.0 = Debug|Any CPU
		{DF3B0434-C781-4D36-9970-EA36B9D817D0}.Release|Any CPU.ActiveCfg = Release|Any CPU
		{DF3B0434-C781-4D36-9970-EA36B9D817D0}.Release|Any CPU.Build.0 = Release|Any CPU
		{891C950C-57ED-420C-BCB7-9A21EC6028EF}.Debug|Any CPU.ActiveCfg = Debug|Any CPU
		{891C950C-57ED-420C-BCB7-9A21EC6028EF}.Debug|Any CPU.Build.0 = Debug|Any CPU
		{891C950C-57ED-420C-BCB7-9A21EC6028EF}.Release|Any CPU.ActiveCfg = Release|Any CPU
		{891C950C-57ED-420C-BCB7-9A21EC6028EF}.Release|Any CPU.Build.0 = Release|Any CPU
		{69EF79A2-C91C-412B-9ADA-26D9944C6777}.Debug|Any CPU.ActiveCfg = Debug|Any CPU
		{69EF79A2-C91C-412B-9ADA-26D9944C6777}.Debug|Any CPU.Build.0 = Debug|Any CPU
		{69EF79A2-C91C-412B-9ADA-26D9944C6777}.Release|Any CPU.ActiveCfg = Release|Any CPU
		{69EF79A2-C91C-412B-9ADA-26D9944C6777}.Release|Any CPU.Build.0 = Release|Any CPU
		{88E63157-92E7-4887-ADD6-C39E9CB97402}.Debug|Any CPU.ActiveCfg = Debug|Any CPU
		{88E63157-92E7-4887-ADD6-C39E9CB97402}.Debug|Any CPU.Build.0 = Debug|Any CPU
		{88E63157-92E7-4887-ADD6-C39E9CB97402}.Release|Any CPU.ActiveCfg = Release|Any CPU
		{88E63157-92E7-4887-ADD6-C39E9CB97402}.Release|Any CPU.Build.0 = Release|Any CPU
		{7FFEA5CD-3AEA-452D-A070-65E5D514B3E7}.Debug|Any CPU.ActiveCfg = Debug|Any CPU
		{7FFEA5CD-3AEA-452D-A070-65E5D514B3E7}.Debug|Any CPU.Build.0 = Debug|Any CPU
		{7FFEA5CD-3AEA-452D-A070-65E5D514B3E7}.Release|Any CPU.ActiveCfg = Release|Any CPU
		{7FFEA5CD-3AEA-452D-A070-65E5D514B3E7}.Release|Any CPU.Build.0 = Release|Any CPU
		{BB7CF7B3-5A48-4CE2-86A7-82D3DBA7D672}.Debug|Any CPU.ActiveCfg = Debug|Any CPU
		{BB7CF7B3-5A48-4CE2-86A7-82D3DBA7D672}.Debug|Any CPU.Build.0 = Debug|Any CPU
		{BB7CF7B3-5A48-4CE2-86A7-82D3DBA7D672}.Release|Any CPU.ActiveCfg = Release|Any CPU
		{BB7CF7B3-5A48-4CE2-86A7-82D3DBA7D672}.Release|Any CPU.Build.0 = Release|Any CPU
		{888937FC-0F3A-432B-8EC7-6C8294DF25AD}.Debug|Any CPU.ActiveCfg = Debug|Any CPU
		{888937FC-0F3A-432B-8EC7-6C8294DF25AD}.Debug|Any CPU.Build.0 = Debug|Any CPU
		{888937FC-0F3A-432B-8EC7-6C8294DF25AD}.Release|Any CPU.ActiveCfg = Release|Any CPU
		{888937FC-0F3A-432B-8EC7-6C8294DF25AD}.Release|Any CPU.Build.0 = Release|Any CPU
		{3CE14826-92F4-4949-B430-FCAA40B2C8DF}.Debug|Any CPU.ActiveCfg = Debug|Any CPU
		{3CE14826-92F4-4949-B430-FCAA40B2C8DF}.Debug|Any CPU.Build.0 = Debug|Any CPU
		{3CE14826-92F4-4949-B430-FCAA40B2C8DF}.Release|Any CPU.ActiveCfg = Release|Any CPU
		{3CE14826-92F4-4949-B430-FCAA40B2C8DF}.Release|Any CPU.Build.0 = Release|Any CPU
		{E00F1CA0-5C16-4121-AE3A-457C723A45CB}.Debug|Any CPU.ActiveCfg = Debug|Any CPU
		{E00F1CA0-5C16-4121-AE3A-457C723A45CB}.Debug|Any CPU.Build.0 = Debug|Any CPU
		{E00F1CA0-5C16-4121-AE3A-457C723A45CB}.Release|Any CPU.ActiveCfg = Release|Any CPU
		{E00F1CA0-5C16-4121-AE3A-457C723A45CB}.Release|Any CPU.Build.0 = Release|Any CPU
		{D1953C01-EC29-4DF9-B6DC-9ADEC7732006}.Debug|Any CPU.ActiveCfg = Debug|Any CPU
		{D1953C01-EC29-4DF9-B6DC-9ADEC7732006}.Debug|Any CPU.Build.0 = Debug|Any CPU
		{D1953C01-EC29-4DF9-B6DC-9ADEC7732006}.Release|Any CPU.ActiveCfg = Release|Any CPU
		{D1953C01-EC29-4DF9-B6DC-9ADEC7732006}.Release|Any CPU.Build.0 = Release|Any CPU
		{B54351DE-5A12-417A-9247-93853FF34F93}.Debug|Any CPU.ActiveCfg = Debug|Any CPU
		{B54351DE-5A12-417A-9247-93853FF34F93}.Debug|Any CPU.Build.0 = Debug|Any CPU
		{B54351DE-5A12-417A-9247-93853FF34F93}.Release|Any CPU.ActiveCfg = Release|Any CPU
		{B54351DE-5A12-417A-9247-93853FF34F93}.Release|Any CPU.Build.0 = Release|Any CPU
	EndGlobalSection
	GlobalSection(SolutionProperties) = preSolution
		HideSolutionNode = FALSE
	EndGlobalSection
	GlobalSection(NestedProjects) = preSolution
		{F9DE4A25-19C4-46A8-885A-63AE072E4477} = {DA220595-AD4A-454E-827D-7F30705CA1B2}
		{43677ACA-CE1F-472E-9A02-A8762DFD378B} = {A23393E8-4137-4319-9996-82E3DBD25898}
		{A23393E8-4137-4319-9996-82E3DBD25898} = {F9DE4A25-19C4-46A8-885A-63AE072E4477}
		{77E3BB1D-EC79-4F7A-84A0-DA6BADF07330} = {A23393E8-4137-4319-9996-82E3DBD25898}
		{DD4B621E-2DCA-4A29-B68F-77B860992F2F} = {F9DE4A25-19C4-46A8-885A-63AE072E4477}
		{99E99466-E099-4670-8844-B7FF9209F996} = {F9DE4A25-19C4-46A8-885A-63AE072E4477}
		{8E632556-5422-4D5F-A579-B34C25B164B9} = {DD4B621E-2DCA-4A29-B68F-77B860992F2F}
		{CF1460EE-FBBD-4548-A687-E2ED058FA9D8} = {99E99466-E099-4670-8844-B7FF9209F996}
		{AC5BF7B6-C08E-42F1-884B-228997679200} = {DA220595-AD4A-454E-827D-7F30705CA1B2}
		{2B4AF33C-4DC2-49C1-9E77-A87E9BBCC701} = {99E99466-E099-4670-8844-B7FF9209F996}
		{DF3B0434-C781-4D36-9970-EA36B9D817D0} = {DA220595-AD4A-454E-827D-7F30705CA1B2}
		{E7F5BA6C-BEC5-4843-9E6B-859EAC97AFDA} = {DA220595-AD4A-454E-827D-7F30705CA1B2}
		{4D33357D-615D-4581-9D02-FC40E17CDA47} = {E7F5BA6C-BEC5-4843-9E6B-859EAC97AFDA}
		{C78930CC-C6DE-4635-840F-E53CF6710818} = {E7F5BA6C-BEC5-4843-9E6B-859EAC97AFDA}
		{5EE857D6-17BF-413E-9E3E-2C9BF4EFFF1D} = {E7F5BA6C-BEC5-4843-9E6B-859EAC97AFDA}
		{891C950C-57ED-420C-BCB7-9A21EC6028EF} = {4D33357D-615D-4581-9D02-FC40E17CDA47}
		{69EF79A2-C91C-412B-9ADA-26D9944C6777} = {4D33357D-615D-4581-9D02-FC40E17CDA47}
		{88E63157-92E7-4887-ADD6-C39E9CB97402} = {C78930CC-C6DE-4635-840F-E53CF6710818}
		{7FFEA5CD-3AEA-452D-A070-65E5D514B3E7} = {5EE857D6-17BF-413E-9E3E-2C9BF4EFFF1D}
		{BB7CF7B3-5A48-4CE2-86A7-82D3DBA7D672} = {5EE857D6-17BF-413E-9E3E-2C9BF4EFFF1D}
		{F62F9CCA-18D6-4EE1-8AAC-51D01EC6A718} = {DA220595-AD4A-454E-827D-7F30705CA1B2}
		{A0A885BA-1EBA-44C7-905A-BA304182AA4B} = {F62F9CCA-18D6-4EE1-8AAC-51D01EC6A718}
		{888937FC-0F3A-432B-8EC7-6C8294DF25AD} = {A0A885BA-1EBA-44C7-905A-BA304182AA4B}
		{E6FB4420-52EB-4B3F-AE16-159997D6F0B2} = {F62F9CCA-18D6-4EE1-8AAC-51D01EC6A718}
		{3CE14826-92F4-4949-B430-FCAA40B2C8DF} = {E6FB4420-52EB-4B3F-AE16-159997D6F0B2}
		{E00F1CA0-5C16-4121-AE3A-457C723A45CB} = {E6FB4420-52EB-4B3F-AE16-159997D6F0B2}
		{2A4944B6-6D49-4F8B-B088-87ABAFFE9FA4} = {F62F9CCA-18D6-4EE1-8AAC-51D01EC6A718}
		{D1953C01-EC29-4DF9-B6DC-9ADEC7732006} = {2A4944B6-6D49-4F8B-B088-87ABAFFE9FA4}
		{B54351DE-5A12-417A-9247-93853FF34F93} = {2A4944B6-6D49-4F8B-B088-87ABAFFE9FA4}
	EndGlobalSection
	GlobalSection(ExtensibilityGlobals) = postSolution
		SolutionGuid = {C65EDFEE-4FAF-47BD-993C-E0C1E3FFDE72}
	EndGlobalSection
EndGlobal
